// !$*UTF8*$!
{
	archiveVersion = 1;
	classes = {
	};
	objectVersion = 48;
	objects = {

/* Begin PBXBuildFile section */
		A63A57791FBDA65A00EEF34D /* AppDelegate.swift in Sources */ = {isa = PBXBuildFile; fileRef = A63A57781FBDA65A00EEF34D /* AppDelegate.swift */; };
		A63A577B1FBDA65A00EEF34D /* IntroductionViewController.swift in Sources */ = {isa = PBXBuildFile; fileRef = A63A577A1FBDA65A00EEF34D /* IntroductionViewController.swift */; };
		A63A577E1FBDA65A00EEF34D /* Main.storyboard in Resources */ = {isa = PBXBuildFile; fileRef = A63A577C1FBDA65A00EEF34D /* Main.storyboard */; };
		A63A57801FBDA65A00EEF34D /* Assets.xcassets in Resources */ = {isa = PBXBuildFile; fileRef = A63A577F1FBDA65A00EEF34D /* Assets.xcassets */; };
		A63A57831FBDA65A00EEF34D /* LaunchScreen.storyboard in Resources */ = {isa = PBXBuildFile; fileRef = A63A57811FBDA65A00EEF34D /* LaunchScreen.storyboard */; };
		A64030451FBDB73D004129E9 /* QuestionViewController.swift in Sources */ = {isa = PBXBuildFile; fileRef = A64030441FBDB73D004129E9 /* QuestionViewController.swift */; };
		A64030471FBDB753004129E9 /* ResultsViewController.swift in Sources */ = {isa = PBXBuildFile; fileRef = A64030461FBDB753004129E9 /* ResultsViewController.swift */; };
		A64030491FBDD7DB004129E9 /* QuestionData.swift in Sources */ = {isa = PBXBuildFile; fileRef = A64030481FBDD7DB004129E9 /* QuestionData.swift */; };
/* End PBXBuildFile section */

/* Begin PBXFileReference section */
		A63A57751FBDA65A00EEF34D /* PersonalityQuiz.app */ = {isa = PBXFileReference; explicitFileType = wrapper.application; includeInIndex = 0; path = PersonalityQuiz.app; sourceTree = BUILT_PRODUCTS_DIR; };
		A63A57781FBDA65A00EEF34D /* AppDelegate.swift */ = {isa = PBXFileReference; lastKnownFileType = sourcecode.swift; path = AppDelegate.swift; sourceTree = "<group>"; };
		A63A577A1FBDA65A00EEF34D /* IntroductionViewController.swift */ = {isa = PBXFileReference; lastKnownFileType = sourcecode.swift; path = IntroductionViewController.swift; sourceTree = "<group>"; };
		A63A577D1FBDA65A00EEF34D /* Base */ = {isa = PBXFileReference; lastKnownFileType = file.storyboard; name = Base; path = Base.lproj/Main.storyboard; sourceTree = "<group>"; };
		A63A577F1FBDA65A00EEF34D /* Assets.xcassets */ = {isa = PBXFileReference; lastKnownFileType = folder.assetcatalog; path = Assets.xcassets; sourceTree = "<group>"; };
		A63A57821FBDA65A00EEF34D /* Base */ = {isa = PBXFileReference; lastKnownFileType = file.storyboard; name = Base; path = Base.lproj/LaunchScreen.storyboard; sourceTree = "<group>"; };
		A63A57841FBDA65A00EEF34D /* Info.plist */ = {isa = PBXFileReference; lastKnownFileType = text.plist.xml; path = Info.plist; sourceTree = "<group>"; };
		A64030441FBDB73D004129E9 /* QuestionViewController.swift */ = {isa = PBXFileReference; lastKnownFileType = sourcecode.swift; path = QuestionViewController.swift; sourceTree = "<group>"; };
		A64030461FBDB753004129E9 /* ResultsViewController.swift */ = {isa = PBXFileReference; lastKnownFileType = sourcecode.swift; path = ResultsViewController.swift; sourceTree = "<group>"; };
		A64030481FBDD7DB004129E9 /* QuestionData.swift */ = {isa = PBXFileReference; lastKnownFileType = sourcecode.swift; path = QuestionData.swift; sourceTree = "<group>"; };
/* End PBXFileReference section */

/* Begin PBXFrameworksBuildPhase section */
		A63A57721FBDA65A00EEF34D /* Frameworks */ = {
			isa = PBXFrameworksBuildPhase;
			buildActionMask = 2147483647;
			files = (
			);
			runOnlyForDeploymentPostprocessing = 0;
		};
/* End PBXFrameworksBuildPhase section */

/* Begin PBXGroup section */
		A63A576C1FBDA65900EEF34D = {
			isa = PBXGroup;
			children = (
				A63A57771FBDA65A00EEF34D /* PersonalityQuiz */,
				A63A57761FBDA65A00EEF34D /* Products */,
			);
			sourceTree = "<group>";
		};
		A63A57761FBDA65A00EEF34D /* Products */ = {
			isa = PBXGroup;
			children = (
				A63A57751FBDA65A00EEF34D /* PersonalityQuiz.app */,
			);
			name = Products;
			sourceTree = "<group>";
		};
		A63A57771FBDA65A00EEF34D /* PersonalityQuiz */ = {
			isa = PBXGroup;
			children = (
				A63A57781FBDA65A00EEF34D /* AppDelegate.swift */,
				A63A577A1FBDA65A00EEF34D /* IntroductionViewController.swift */,
				A63A577C1FBDA65A00EEF34D /* Main.storyboard */,
				A64030481FBDD7DB004129E9 /* QuestionData.swift */,
				A64030441FBDB73D004129E9 /* QuestionViewController.swift */,
				A64030461FBDB753004129E9 /* ResultsViewController.swift */,
				A63A577F1FBDA65A00EEF34D /* Assets.xcassets */,
				A63A57811FBDA65A00EEF34D /* LaunchScreen.storyboard */,
				A63A57841FBDA65A00EEF34D /* Info.plist */,
			);
			path = PersonalityQuiz;
			sourceTree = "<group>";
		};
/* End PBXGroup section */

/* Begin PBXNativeTarget section */
		A63A57741FBDA65A00EEF34D /* PersonalityQuiz */ = {
			isa = PBXNativeTarget;
			buildConfigurationList = A63A57871FBDA65A00EEF34D /* Build configuration list for PBXNativeTarget "PersonalityQuiz" */;
			buildPhases = (
				A63A57711FBDA65A00EEF34D /* Sources */,
				A63A57721FBDA65A00EEF34D /* Frameworks */,
				A63A57731FBDA65A00EEF34D /* Resources */,
			);
			buildRules = (
			);
			dependencies = (
			);
			name = PersonalityQuiz;
			productName = PersonalityQuiz;
			productReference = A63A57751FBDA65A00EEF34D /* PersonalityQuiz.app */;
			productType = "com.apple.product-type.application";
		};
/* End PBXNativeTarget section */

/* Begin PBXProject section */
		A63A576D1FBDA65900EEF34D /* Project object */ = {
			isa = PBXProject;
			attributes = {
				LastSwiftUpdateCheck = 0900;
				LastUpgradeCheck = 0900;
				ORGANIZATIONNAME = "Iris Schlundt Bodien";
				TargetAttributes = {
					A63A57741FBDA65A00EEF34D = {
						CreatedOnToolsVersion = 9.0.1;
						ProvisioningStyle = Automatic;
					};
				};
			};
			buildConfigurationList = A63A57701FBDA65900EEF34D /* Build configuration list for PBXProject "PersonalityQuiz" */;
			compatibilityVersion = "Xcode 8.0";
			developmentRegion = en;
			hasScannedForEncodings = 0;
			knownRegions = (
				en,
				Base,
			);
			mainGroup = A63A576C1FBDA65900EEF34D;
			productRefGroup = A63A57761FBDA65A00EEF34D /* Products */;
			projectDirPath = "";
			projectRoot = "";
			targets = (
				A63A57741FBDA65A00EEF34D /* PersonalityQuiz */,
			);
		};
/* End PBXProject section */

/* Begin PBXResourcesBuildPhase section */
		A63A57731FBDA65A00EEF34D /* Resources */ = {
			isa = PBXResourcesBuildPhase;
			buildActionMask = 2147483647;
			files = (
				A63A57831FBDA65A00EEF34D /* LaunchScreen.storyboard in Resources */,
				A63A57801FBDA65A00EEF34D /* Assets.xcassets in Resources */,
				A63A577E1FBDA65A00EEF34D /* Main.storyboard in Resources */,
			);
			runOnlyForDeploymentPostprocessing = 0;
		};
/* End PBXResourcesBuildPhase section */

/* Begin PBXSourcesBuildPhase section */
		A63A57711FBDA65A00EEF34D /* Sources */ = {
			isa = PBXSourcesBuildPhase;
			buildActionMask = 2147483647;
			files = (
				A63A577B1FBDA65A00EEF34D /* IntroductionViewController.swift in Sources */,
				A63A57791FBDA65A00EEF34D /* AppDelegate.swift in Sources */,
				A64030491FBDD7DB004129E9 /* QuestionData.swift in Sources */,
				A64030451FBDB73D004129E9 /* QuestionViewController.swift in Sources */,
				A64030471FBDB753004129E9 /* ResultsViewController.swift in Sources */,
			);
			runOnlyForDeploymentPostprocessing = 0;
		};
/* End PBXSourcesBuildPhase section */

/* Begin PBXVariantGroup section */
		A63A577C1FBDA65A00EEF34D /* Main.storyboard */ = {
			isa = PBXVariantGroup;
			children = (
				A63A577D1FBDA65A00EEF34D /* Base */,
			);
			name = Main.storyboard;
			sourceTree = "<group>";
		};
		A63A57811FBDA65A00EEF34D /* LaunchScreen.storyboard */ = {
			isa = PBXVariantGroup;
			children = (
				A63A57821FBDA65A00EEF34D /* Base */,
			);
			name = LaunchScreen.storyboard;
			sourceTree = "<group>";
		};
/* End PBXVariantGroup section */

/* Begin XCBuildConfiguration section */
		A63A57851FBDA65A00EEF34D /* Debug */ = {
			isa = XCBuildConfiguration;
			buildSettings = {
				ALWAYS_SEARCH_USER_PATHS = NO;
				CLANG_ANALYZER_NONNULL = YES;
				CLANG_ANALYZER_NUMBER_OBJECT_CONVERSION = YES_AGGRESSIVE;
				CLANG_CXX_LANGUAGE_STANDARD = "gnu++14";
				CLANG_CXX_LIBRARY = "libc++";
				CLANG_ENABLE_MODULES = YES;
				CLANG_ENABLE_OBJC_ARC = YES;
				CLANG_WARN_BLOCK_CAPTURE_AUTORELEASING = YES;
				CLANG_WARN_BOOL_CONVERSION = YES;
				CLANG_WARN_COMMA = YES;
				CLANG_WARN_CONSTANT_CONVERSION = YES;
				CLANG_WARN_DIRECT_OBJC_ISA_USAGE = YES_ERROR;
				CLANG_WARN_DOCUMENTATION_COMMENTS = YES;
				CLANG_WARN_EMPTY_BODY = YES;
				CLANG_WARN_ENUM_CONVERSION = YES;
				CLANG_WARN_INFINITE_RECURSION = YES;
				CLANG_WARN_INT_CONVERSION = YES;
				CLANG_WARN_NON_LITERAL_NULL_CONVERSION = YES;
				CLANG_WARN_OBJC_LITERAL_CONVERSION = YES;
				CLANG_WARN_OBJC_ROOT_CLASS = YES_ERROR;
				CLANG_WARN_RANGE_LOOP_ANALYSIS = YES;
				CLANG_WARN_STRICT_PROTOTYPES = YES;
				CLANG_WARN_SUSPICIOUS_MOVE = YES;
				CLANG_WARN_UNGUARDED_AVAILABILITY = YES_AGGRESSIVE;
				CLANG_WARN_UNREACHABLE_CODE = YES;
				CLANG_WARN__DUPLICATE_METHOD_MATCH = YES;
				CODE_SIGN_IDENTITY = "iPhone Developer";
				COPY_PHASE_STRIP = NO;
				DEBUG_INFORMATION_FORMAT = dwarf;
				ENABLE_STRICT_OBJC_MSGSEND = YES;
				ENABLE_TESTABILITY = YES;
				GCC_C_LANGUAGE_STANDARD = gnu11;
				GCC_DYNAMIC_NO_PIC = NO;
				GCC_NO_COMMON_BLOCKS = YES;
				GCC_OPTIMIZATION_LEVEL = 0;
				GCC_PREPROCESSOR_DEFINITIONS = (
					"DEBUG=1",
					"$(inherited)",
				);
				GCC_WARN_64_TO_32_BIT_CONVERSION = YES;
				GCC_WARN_ABOUT_RETURN_TYPE = YES_ERROR;
				GCC_WARN_UNDECLARED_SELECTOR = YES;
				GCC_WARN_UNINITIALIZED_AUTOS = YES_AGGRESSIVE;
				GCC_WARN_UNUSED_FUNCTION = YES;
				GCC_WARN_UNUSED_VARIABLE = YES;
				IPHONEOS_DEPLOYMENT_TARGET = 11.0;
				MTL_ENABLE_DEBUG_INFO = YES;
				ONLY_ACTIVE_ARCH = YES;
				SDKROOT = iphoneos;
				SWIFT_ACTIVE_COMPILATION_CONDITIONS = DEBUG;
				SWIFT_OPTIMIZATION_LEVEL = "-Onone";
			};
			name = Debug;
		};
		A63A57861FBDA65A00EEF34D /* Release */ = {
			isa = XCBuildConfiguration;
			buildSettings = {
				ALWAYS_SEARCH_USER_PATHS = NO;
				CLANG_ANALYZER_NONNULL = YES;
				CLANG_ANALYZER_NUMBER_OBJECT_CONVERSION = YES_AGGRESSIVE;
				CLANG_CXX_LANGUAGE_STANDARD = "gnu++14";
				CLANG_CXX_LIBRARY = "libc++";
				CLANG_ENABLE_MODULES = YES;
				CLANG_ENABLE_OBJC_ARC = YES;
				CLANG_WARN_BLOCK_CAPTURE_AUTORELEASING = YES;
				CLANG_WARN_BOOL_CONVERSION = YES;
				CLANG_WARN_COMMA = YES;
				CLANG_WARN_CONSTANT_CONVERSION = YES;
				CLANG_WARN_DIRECT_OBJC_ISA_USAGE = YES_ERROR;
				CLANG_WARN_DOCUMENTATION_COMMENTS = YES;
				CLANG_WARN_EMPTY_BODY = YES;
				CLANG_WARN_ENUM_CONVERSION = YES;
				CLANG_WARN_INFINITE_RECURSION = YES;
				CLANG_WARN_INT_CONVERSION = YES;
				CLANG_WARN_NON_LITERAL_NULL_CONVERSION = YES;
				CLANG_WARN_OBJC_LITERAL_CONVERSION = YES;
				CLANG_WARN_OBJC_ROOT_CLASS = YES_ERROR;
				CLANG_WARN_RANGE_LOOP_ANALYSIS = YES;
				CLANG_WARN_STRICT_PROTOTYPES = YES;
				CLANG_WARN_SUSPICIOUS_MOVE = YES;
				CLANG_WARN_UNGUARDED_AVAILABILITY = YES_AGGRESSIVE;
				CLANG_WARN_UNREACHABLE_CODE = YES;
				CLANG_WARN__DUPLICATE_METHOD_MATCH = YES;
				CODE_SIGN_IDENTITY = "iPhone Developer";
				COPY_PHASE_STRIP = NO;
				DEBUG_INFORMATION_FORMAT = "dwarf-with-dsym";
				ENABLE_NS_ASSERTIONS = NO;
				ENABLE_STRICT_OBJC_MSGSEND = YES;
				GCC_C_LANGUAGE_STANDARD = gnu11;
				GCC_NO_COMMON_BLOCKS = YES;
				GCC_WARN_64_TO_32_BIT_CONVERSION = YES;
				GCC_WARN_ABOUT_RETURN_TYPE = YES_ERROR;
				GCC_WARN_UNDECLARED_SELECTOR = YES;
				GCC_WARN_UNINITIALIZED_AUTOS = YES_AGGRESSIVE;
				GCC_WARN_UNUSED_FUNCTION = YES;
				GCC_WARN_UNUSED_VARIABLE = YES;
				IPHONEOS_DEPLOYMENT_TARGET = 11.0;
				MTL_ENABLE_DEBUG_INFO = NO;
				SDKROOT = iphoneos;
				SWIFT_OPTIMIZATION_LEVEL = "-Owholemodule";
				VALIDATE_PRODUCT = YES;
			};
			name = Release;
		};
		A63A57881FBDA65A00EEF34D /* Debug */ = {
			isa = XCBuildConfiguration;
			buildSettings = {
				ASSETCATALOG_COMPILER_APPICON_NAME = AppIcon;
				CODE_SIGN_STYLE = Automatic;
				INFOPLIST_FILE = PersonalityQuiz/Info.plist;
				LD_RUNPATH_SEARCH_PATHS = "$(inherited) @executable_path/Frameworks";
				PRODUCT_BUNDLE_IDENTIFIER = com.example.PersonalityQuiz;
				PRODUCT_NAME = "$(TARGET_NAME)";
				SWIFT_VERSION = 4.0;
				TARGETED_DEVICE_FAMILY = "1,2";
			};
			name = Debug;
		};
		A63A57891FBDA65A00EEF34D /* Release */ = {
			isa = XCBuildConfiguration;
			buildSettings = {
				ASSETCATALOG_COMPILER_APPICON_NAME = AppIcon;
				CODE_SIGN_STYLE = Automatic;
				INFOPLIST_FILE = PersonalityQuiz/Info.plist;
				LD_RUNPATH_SEARCH_PATHS = "$(inherited) @executable_path/Frameworks";
				PRODUCT_BUNDLE_IDENTIFIER = com.example.PersonalityQuiz;
				PRODUCT_NAME = "$(TARGET_NAME)";
				SWIFT_VERSION = 4.0;
				TARGETED_DEVICE_FAMILY = "1,2";
			};
			name = Release;
		};
/* End XCBuildConfiguration section */

/* Begin XCConfigurationList section */
		A63A57701FBDA65900EEF34D /* Build configuration list for PBXProject "PersonalityQuiz" */ = {
			isa = XCConfigurationList;
			buildConfigurations = (
				A63A57851FBDA65A00EEF34D /* Debug */,
				A63A57861FBDA65A00EEF34D /* Release */,
			);
			defaultConfigurationIsVisible = 0;
			defaultConfigurationName = Release;
		};
		A63A57871FBDA65A00EEF34D /* Build configuration list for PBXNativeTarget "PersonalityQuiz" */ = {
			isa = XCConfigurationList;
			buildConfigurations = (
				A63A57881FBDA65A00EEF34D /* Debug */,
				A63A57891FBDA65A00EEF34D /* Release */,
			);
			defaultConfigurationIsVisible = 0;
			defaultConfigurationName = Release;
		};
/* End XCConfigurationList section */
	};
	rootObject = A63A576D1FBDA65900EEF34D /* Project object */;
}
